<?xml version="1.0" encoding="utf-8"?>
<Project ToolsVersion="4.0" xmlns="http://schemas.microsoft.com/developer/msbuild/2003">
  <ItemGroup>
    <Filter Include="Source Files">
      <UniqueIdentifier>{4FC737F1-C7A5-4376-A066-2A32D752A2FF}</UniqueIdentifier>
      <Extensions>cpp;c;cc;cxx;def;odl;idl;hpj;bat;asm;asmx</Extensions>
    </Filter>
    <Filter Include="Header Files">
      <UniqueIdentifier>{93995380-89BD-4b04-88EB-625FBE52EBFB}</UniqueIdentifier>
      <Extensions>h;hh;hpp;hxx;hm;inl;inc;xsd</Extensions>
    </Filter>
    <Filter Include="Resource Files">
      <UniqueIdentifier>{67DA6AB6-F800-4c08-8B7A-83BB121AAD01}</UniqueIdentifier>
      <Extensions>rc;ico;cur;bmp;dlg;rc2;rct;bin;rgs;gif;jpg;jpeg;jpe;resx;tiff;tif;png;wav;mfcribbon-ms</Extensions>
    </Filter>
    <Filter Include="Header Files\Audio">
      <UniqueIdentifier>{2b1688b9-6818-4df4-8db4-a07ffbc1174d}</UniqueIdentifier>
    </Filter>
    <Filter Include="Header Files\Sprites">
      <UniqueIdentifier>{ceaedd3d-f13a-4fe9-a965-2df285d69ef2}</UniqueIdentifier>
    </Filter>
    <Filter Include="Header Files\GameStates">
      <UniqueIdentifier>{afe11850-6a9a-4eb8-9195-2f5c7f1d22d3}</UniqueIdentifier>
    </Filter>
    <Filter Include="Source Files\Audio">
      <UniqueIdentifier>{9300eba6-b4c4-4693-839a-aa1f595221e5}</UniqueIdentifier>
    </Filter>
    <Filter Include="Source Files\GameStates">
      <UniqueIdentifier>{b8ab246f-82ff-4dbd-bc94-f87a1dfdb270}</UniqueIdentifier>
    </Filter>
    <Filter Include="Source Files\Sprites">
      <UniqueIdentifier>{94c47b7a-4117-4214-b9ea-82ed319ae445}</UniqueIdentifier>
    </Filter>
    <Filter Include="Source Files\Tools">
      <UniqueIdentifier>{894eb6f3-7b89-4c3c-95a9-0c59a7826701}</UniqueIdentifier>
    </Filter>
    <Filter Include="Header Files\Tools">
      <UniqueIdentifier>{b034cecd-b870-4c9e-bdd4-0e0c80ab66b6}</UniqueIdentifier>
    </Filter>
    <Filter Include="Header Files\Characters">
      <UniqueIdentifier>{59751da2-f8ec-4396-9b0d-f6eb0ed368a3}</UniqueIdentifier>
    </Filter>
    <Filter Include="Source Files\Characters">
      <UniqueIdentifier>{533f702b-5dcf-4200-bd53-6e5bb2e79e49}</UniqueIdentifier>
    </Filter>
    <Filter Include="Header Files\AbilityCards">
      <UniqueIdentifier>{00addf55-f89c-494c-9922-ff5b6fdf04d7}</UniqueIdentifier>
    </Filter>
    <Filter Include="Source Files\AbilityCards">
      <UniqueIdentifier>{04784ff5-5595-46fe-a90b-bcb4920730dc}</UniqueIdentifier>
    </Filter>
  </ItemGroup>
  <ItemGroup>
    <ClCompile Include="GameData.cpp">
      <Filter>Source Files</Filter>
    </ClCompile>
    <ClCompile Include="Main.cpp">
      <Filter>Source Files</Filter>
    </ClCompile>
    <ClCompile Include="AudioManager.cpp">
      <Filter>Source Files\Audio</Filter>
    </ClCompile>
    <ClCompile Include="Music.cpp">
      <Filter>Source Files\Audio</Filter>
    </ClCompile>
    <ClCompile Include="SoundEffect.cpp">
      <Filter>Source Files\Audio</Filter>
    </ClCompile>
    <ClCompile Include="GameState.cpp">
      <Filter>Source Files\GameStates</Filter>
    </ClCompile>
    <ClCompile Include="GamestateManager.cpp">
      <Filter>Source Files\GameStates</Filter>
    </ClCompile>
    <ClCompile Include="MenuState.cpp">
      <Filter>Source Files\GameStates</Filter>
    </ClCompile>
    <ClCompile Include="Sprite.cpp">
      <Filter>Source Files\Sprites</Filter>
    </ClCompile>
    <ClCompile Include="SpriteFactory.cpp">
      <Filter>Source Files\Sprites</Filter>
    </ClCompile>
    <ClCompile Include="Text.cpp">
      <Filter>Source Files\Tools</Filter>
    </ClCompile>
    <ClCompile Include="TextBox.cpp">
      <Filter>Source Files\Tools</Filter>
    </ClCompile>
    <ClCompile Include="Appearance.cpp">
      <Filter>Source Files\Characters</Filter>
    </ClCompile>
    <ClCompile Include="Card.cpp">
      <Filter>Source Files\AbilityCards</Filter>
    </ClCompile>
    <ClCompile Include="Effect.cpp">
      <Filter>Source Files\AbilityCards</Filter>
    </ClCompile>
    <ClCompile Include="CardHolder.cpp">
      <Filter>Source Files\AbilityCards</Filter>
    </ClCompile>
    <ClCompile Include="Stats.cpp">
      <Filter>Source Files\Characters</Filter>
    </ClCompile>
    <ClCompile Include="BattleDeck.cpp">
      <Filter>Source Files\AbilityCards</Filter>
    </ClCompile>
    <ClCompile Include="Character.cpp">
      <Filter>Source Files\Characters</Filter>
    </ClCompile>
    <ClCompile Include="Stat.cpp">
      <Filter>Source Files\Characters</Filter>
    </ClCompile>
    <ClCompile Include="BinaryTreeCardSorter.cpp">
      <Filter>Source Files\Tools</Filter>
    </ClCompile>
    <ClCompile Include="Button.cpp">
      <Filter>Source Files\Tools</Filter>
    </ClCompile>
    <ClCompile Include="Enemy.cpp">
      <Filter>Source Files\Characters</Filter>
    </ClCompile>
    <ClCompile Include="AnimationManager.cpp">
      <Filter>Source Files\Sprites</Filter>
    </ClCompile>
    <ClCompile Include="Animation.cpp">
      <Filter>Source Files\Sprites</Filter>
    </ClCompile>
    <ClCompile Include="AniEffect.cpp">
      <Filter>Source Files\AbilityCards</Filter>
    </ClCompile>
    <ClCompile Include="BattleEffect.cpp">
      <Filter>Source Files\AbilityCards</Filter>
    </ClCompile>
    <ClCompile Include="FloatingText.cpp">
      <Filter>Source Files\Tools</Filter>
    </ClCompile>
    <ClCompile Include="ParallaxBg.cpp">
      <Filter>Source Files\Sprites</Filter>
    </ClCompile>
    <ClCompile Include="FloatingTextManager.cpp">
      <Filter>Source Files\Tools</Filter>
    </ClCompile>
    <ClCompile Include="EnemyController.cpp">
      <Filter>Source Files\Characters</Filter>
    </ClCompile>
  </ItemGroup>
  <ItemGroup>
    <ClInclude Include="AudioManager.h">
      <Filter>Header Files\Audio</Filter>
    </ClInclude>
    <ClInclude Include="Music.h">
      <Filter>Header Files\Audio</Filter>
    </ClInclude>
    <ClInclude Include="SoundEffect.h">
      <Filter>Header Files\Audio</Filter>
    </ClInclude>
    <ClInclude Include="SpriteFactory.h">
      <Filter>Header Files\Sprites</Filter>
    </ClInclude>
    <ClInclude Include="Sprite.h">
      <Filter>Header Files\Sprites</Filter>
    </ClInclude>
    <ClInclude Include="MenuState.h">
      <Filter>Header Files\GameStates</Filter>
    </ClInclude>
    <ClInclude Include="GamestateManager.h">
      <Filter>Header Files\GameStates</Filter>
    </ClInclude>
    <ClInclude Include="GameState.h">
      <Filter>Header Files\GameStates</Filter>
    </ClInclude>
    <ClInclude Include="GameData.h">
      <Filter>Header Files</Filter>
    </ClInclude>
    <ClInclude Include="TextBox.h">
      <Filter>Header Files\Tools</Filter>
    </ClInclude>
    <ClInclude Include="Text.h">
      <Filter>Header Files\Tools</Filter>
    </ClInclude>
    <ClInclude Include="Appearance.h">
      <Filter>Header Files\Characters</Filter>
    </ClInclude>
    <ClInclude Include="Card.h">
      <Filter>Header Files\AbilityCards</Filter>
    </ClInclude>
    <ClInclude Include="Effect.h">
      <Filter>Header Files\AbilityCards</Filter>
    </ClInclude>
    <ClInclude Include="CardHolder.h">
      <Filter>Header Files\AbilityCards</Filter>
    </ClInclude>
    <ClInclude Include="Stats.h">
      <Filter>Header Files\Characters</Filter>
    </ClInclude>
    <ClInclude Include="BattleDeck.h">
      <Filter>Header Files\AbilityCards</Filter>
    </ClInclude>
    <ClInclude Include="Character.h">
      <Filter>Header Files\Characters</Filter>
    </ClInclude>
    <ClInclude Include="Stat.h">
      <Filter>Header Files\Characters</Filter>
    </ClInclude>
    <ClInclude Include="BinaryTreeCardSorter.h">
      <Filter>Header Files\Tools</Filter>
    </ClInclude>
    <ClInclude Include="Button.h">
      <Filter>Header Files\Tools</Filter>
    </ClInclude>
    <ClInclude Include="Enemy.h">
      <Filter>Header Files\Characters</Filter>
    </ClInclude>
    <ClInclude Include="AnimationManager.h">
      <Filter>Header Files\Sprites</Filter>
    </ClInclude>
    <ClInclude Include="Animation.h">
      <Filter>Header Files\Sprites</Filter>
    </ClInclude>
    <ClInclude Include="AniEffect.h">
      <Filter>Header Files\AbilityCards</Filter>
    </ClInclude>
    <ClInclude Include="BattleEffect.h">
      <Filter>Header Files\AbilityCards</Filter>
    </ClInclude>
    <ClInclude Include="FloatingText.h">
      <Filter>Header Files\Tools</Filter>
    </ClInclude>
    <ClInclude Include="FloatingTextManager.h">
      <Filter>Header Files\Tools</Filter>
    </ClInclude>
    <ClInclude Include="ParallaxBg.h">
      <Filter>Header Files\Sprites</Filter>
    </ClInclude>
    <ClInclude Include="EnemyController.h">
      <Filter>Header Files\Characters</Filter>
    </ClInclude>
  </ItemGroup>
</Project>